
Microsoft Visual Studio Solution File, Format Version 12.00
# Visual Studio 15
VisualStudioVersion = 15.0.28307.421
MinimumVisualStudioVersion = 10.0.40219.1
Project("{8BC9CEB8-8B4A-11D0-8D11-00A0C91BC942}") = "bittwist", "bittwist.vcxproj", "{5AC6C784-596C-4528-A16D-180CBBD6FFE7}"
EndProject
Project("{8BC9CEB8-8B4A-11D0-8D11-00A0C91BC942}") = "bittwiste", "bittwiste.vcxproj", "{B3B239BB-8FEC-43B9-9BE5-D2CDE4750D04}"
EndProject
Global
	GlobalSection(SolutionConfigurationPlatforms) = preSolution
		Debug|x64 = Debug|x64
		Debug|x86 = Debug|x86
		Release|x64 = Release|x64
		Release|x86 = Release|x86
	EndGlobalSection
	GlobalSection(ProjectConfigurationPlatforms) = postSolution
		{5AC6C784-596C-4528-A16D-180CBBD6FFE7}.Debug|x64.ActiveCfg = Debug|x64
		{5AC6C784-596C-4528-A16D-180CBBD6FFE7}.Debug|x64.Build.0 = Debug|x64
		{5AC6C784-596C-4528-A16D-180CBBD6FFE7}.Debug|x86.ActiveCfg = Debug|Win32
		{5AC6C784-596C-4528-A16D-180CBBD6FFE7}.Debug|x86.Build.0 = Debug|Win32
		{5AC6C784-596C-4528-A16D-180CBBD6FFE7}.Release|x64.ActiveCfg = Release|x64
		{5AC6C784-596C-4528-A16D-180CBBD6FFE7}.Release|x64.Build.0 = Release|x64
		{5AC6C784-596C-4528-A16D-180CBBD6FFE7}.Release|x86.ActiveCfg = Release|Win32
		{5AC6C784-596C-4528-A16D-180CBBD6FFE7}.Release|x86.Build.0 = Release|Win32
		{B3B239BB-8FEC-43B9-9BE5-D2CDE4750D04}.Debug|x64.ActiveCfg = Debug|x64
		{B3B239BB-8FEC-43B9-9BE5-D2CDE4750D04}.Debug|x64.Build.0 = Debug|x64
		{B3B239BB-8FEC-43B9-9BE5-D2CDE4750D04}.Debug|x86.ActiveCfg = Debug|Win32
		{B3B239BB-8FEC-43B9-9BE5-D2CDE4750D04}.Debug|x86.Build.0 = Debug|Win32
		{B3B239BB-8FEC-43B9-9BE5-D2CDE4750D04}.Release|x64.ActiveCfg = Release|x64
		{B3B239BB-8FEC-43B9-9BE5-D2CDE4750D04}.Release|x64.Build.0 = Release|x64
		{B3B239BB-8FEC-43B9-9BE5-D2CDE4750D04}.Release|x86.ActiveCfg = Release|Win32
		{B3B239BB-8FEC-43B9-9BE5-D2CDE4750D04}.Release|x86.Build.0 = Release|Win32
	EndGlobalSection
	GlobalSection(SolutionProperties) = preSolution
		HideSolutionNode = FALSE
	EndGlobalSection
	GlobalSection(ExtensibilityGlobals) = postSolution
		SolutionGuid = {CF2589FB-F07A-4248-97D4-B6F0EB0D1815}
	EndGlobalSection
EndGlobal
